
Microsoft Visual Studio Solution File, Format Version 12.00
# Visual Studio 2017
Project("{FAE04EC0-301F-11D3-BF4B-00C04F79EFBC}") = "MoTa2.0", "MoTa2.0.csproj", "{754B5A3D-FBBB-6D5E-E746-24A096457408}"
EndProject
Project("{FAE04EC0-301F-11D3-BF4B-00C04F79EFBC}") = "MoTa2.0.Editor", "MoTa2.0.Editor.csproj", "{6B76764C-5F8A-225D-B415-6138D2B0227F}"
EndProject
Global
	GlobalSection(SolutionConfigurationPlatforms) = preSolution
		Debug|Any CPU = Debug|Any CPU
		Release|Any CPU = Release|Any CPU
	EndGlobalSection
	GlobalSection(ProjectConfigurationPlatforms) = postSolution
		{754B5A3D-FBBB-6D5E-E746-24A096457408}.Debug|Any CPU.ActiveCfg = Debug|Any CPU
		{754B5A3D-FBBB-6D5E-E746-24A096457408}.Debug|Any CPU.Build.0 = Debug|Any CPU
		{754B5A3D-FBBB-6D5E-E746-24A096457408}.Release|Any CPU.ActiveCfg = Release|Any CPU
		{754B5A3D-FBBB-6D5E-E746-24A096457408}.Release|Any CPU.Build.0 = Release|Any CPU
		{6B76764C-5F8A-225D-B415-6138D2B0227F}.Debug|Any CPU.ActiveCfg = Debug|Any CPU
		{6B76764C-5F8A-225D-B415-6138D2B0227F}.Debug|Any CPU.Build.0 = Debug|Any CPU
		{6B76764C-5F8A-225D-B415-6138D2B0227F}.Release|Any CPU.ActiveCfg = Release|Any CPU
		{6B76764C-5F8A-225D-B415-6138D2B0227F}.Release|Any CPU.Build.0 = Release|Any CPU
	EndGlobalSection
	GlobalSection(SolutionProperties) = preSolution
		HideSolutionNode = FALSE
	EndGlobalSection
EndGlobal
